
Microsoft Visual Studio Solution File, Format Version 12.00
# Visual Studio Version 17
VisualStudioVersion = 17.10.35122.118
MinimumVisualStudioVersion = 10.0.40219.1
Project("{FAE04EC0-301F-11D3-BF4B-00C04F79EFBC}") = "system32 fixer", "system32 fixer\system32 fixer.csproj", "{11B54A49-0E99-4294-93E9-5EE95F932DDB}"
EndProject
Global
	GlobalSection(SolutionConfigurationPlatforms) = preSolution
		Debug|Any CPU = Debug|Any CPU
		Release|Any CPU = Release|Any CPU
	EndGlobalSection
	GlobalSection(ProjectConfigurationPlatforms) = postSolution
		{11B54A49-0E99-4294-93E9-5EE95F932DDB}.Debug|Any CPU.ActiveCfg = Debug|Any CPU
		{11B54A49-0E99-4294-93E9-5EE95F932DDB}.Debug|Any CPU.Build.0 = Debug|Any CPU
		{11B54A49-0E99-4294-93E9-5EE95F932DDB}.Release|Any CPU.ActiveCfg = Release|Any CPU
		{11B54A49-0E99-4294-93E9-5EE95F932DDB}.Release|Any CPU.Build.0 = Release|Any CPU
	EndGlobalSection
	GlobalSection(SolutionProperties) = preSolution
		HideSolutionNode = FALSE
	EndGlobalSection
	GlobalSection(ExtensibilityGlobals) = postSolution
		SolutionGuid = {451F8EFB-FFB0-4931-8559-D150E8901ED2}
	EndGlobalSection
EndGlobal
